// !$*UTF8*$!
{
	archiveVersion = 1;
	classes = {
	};
	objectVersion = 46;
	objects = {

/* Begin PBXBuildFile section */
		417C38CD1DDA43FD00F59926 /* AppDelegate.swift in Sources */ = {isa = PBXBuildFile; fileRef = 417C38CC1DDA43FD00F59926 /* AppDelegate.swift */; };
		417C38CF1DDA43FD00F59926 /* ViewController.swift in Sources */ = {isa = PBXBuildFile; fileRef = 417C38CE1DDA43FD00F59926 /* ViewController.swift */; };
		417C38D21DDA43FD00F59926 /* Main.storyboard in Resources */ = {isa = PBXBuildFile; fileRef = 417C38D01DDA43FD00F59926 /* Main.storyboard */; };
		417C38D51DDA43FD00F59926 /* Party.xcdatamodeld in Sources */ = {isa = PBXBuildFile; fileRef = 417C38D31DDA43FD00F59926 /* Party.xcdatamodeld */; };
		417C38D71DDA43FD00F59926 /* Assets.xcassets in Resources */ = {isa = PBXBuildFile; fileRef = 417C38D61DDA43FD00F59926 /* Assets.xcassets */; };
		417C38DA1DDA43FD00F59926 /* LaunchScreen.storyboard in Resources */ = {isa = PBXBuildFile; fileRef = 417C38D81DDA43FD00F59926 /* LaunchScreen.storyboard */; };
/* End PBXBuildFile section */

/* Begin PBXFileReference section */
		417C38C91DDA43FD00F59926 /* Party.app */ = {isa = PBXFileReference; explicitFileType = wrapper.application; includeInIndex = 0; path = Party.app; sourceTree = BUILT_PRODUCTS_DIR; };
		417C38CC1DDA43FD00F59926 /* AppDelegate.swift */ = {isa = PBXFileReference; lastKnownFileType = sourcecode.swift; path = AppDelegate.swift; sourceTree = "<group>"; };
		417C38CE1DDA43FD00F59926 /* ViewController.swift */ = {isa = PBXFileReference; lastKnownFileType = sourcecode.swift; path = ViewController.swift; sourceTree = "<group>"; };
		417C38D11DDA43FD00F59926 /* Base */ = {isa = PBXFileReference; lastKnownFileType = file.storyboard; name = Base; path = Base.lproj/Main.storyboard; sourceTree = "<group>"; };
		417C38D41DDA43FD00F59926 /* Party.xcdatamodel */ = {isa = PBXFileReference; lastKnownFileType = wrapper.xcdatamodel; path = Party.xcdatamodel; sourceTree = "<group>"; };
		417C38D61DDA43FD00F59926 /* Assets.xcassets */ = {isa = PBXFileReference; lastKnownFileType = folder.assetcatalog; path = Assets.xcassets; sourceTree = "<group>"; };
		417C38D91DDA43FD00F59926 /* Base */ = {isa = PBXFileReference; lastKnownFileType = file.storyboard; name = Base; path = Base.lproj/LaunchScreen.storyboard; sourceTree = "<group>"; };
		417C38DB1DDA43FD00F59926 /* Info.plist */ = {isa = PBXFileReference; lastKnownFileType = text.plist.xml; path = Info.plist; sourceTree = "<group>"; };
/* End PBXFileReference section */

/* Begin PBXFrameworksBuildPhase section */
		417C38C61DDA43FD00F59926 /* Frameworks */ = {
			isa = PBXFrameworksBuildPhase;
			buildActionMask = 2147483647;
			files = (
			);
			runOnlyForDeploymentPostprocessing = 0;
		};
/* End PBXFrameworksBuildPhase section */

/* Begin PBXGroup section */
		417C38C01DDA43FD00F59926 = {
			isa = PBXGroup;
			children = (
				417C38CB1DDA43FD00F59926 /* Party */,
				417C38CA1DDA43FD00F59926 /* Products */,
			);
			sourceTree = "<group>";
		};
		417C38CA1DDA43FD00F59926 /* Products */ = {
			isa = PBXGroup;
			children = (
				417C38C91DDA43FD00F59926 /* Party.app */,
			);
			name = Products;
			sourceTree = "<group>";
		};
		417C38CB1DDA43FD00F59926 /* Party */ = {
			isa = PBXGroup;
			children = (
				417C38CC1DDA43FD00F59926 /* AppDelegate.swift */,
				417C38CE1DDA43FD00F59926 /* ViewController.swift */,
				417C38D01DDA43FD00F59926 /* Main.storyboard */,
				417C38D61DDA43FD00F59926 /* Assets.xcassets */,
				417C38D81DDA43FD00F59926 /* LaunchScreen.storyboard */,
				417C38DB1DDA43FD00F59926 /* Info.plist */,
				417C38D31DDA43FD00F59926 /* Party.xcdatamodeld */,
			);
			path = Party;
			sourceTree = "<group>";
		};
/* End PBXGroup section */

/* Begin PBXNativeTarget section */
		417C38C81DDA43FD00F59926 /* Party */ = {
			isa = PBXNativeTarget;
			buildConfigurationList = 417C38DE1DDA43FD00F59926 /* Build configuration list for PBXNativeTarget "Party" */;
			buildPhases = (
				417C38C51DDA43FD00F59926 /* Sources */,
				417C38C61DDA43FD00F59926 /* Frameworks */,
				417C38C71DDA43FD00F59926 /* Resources */,
			);
			buildRules = (
			);
			dependencies = (
			);
			name = Party;
			productName = Party;
			productReference = 417C38C91DDA43FD00F59926 /* Party.app */;
			productType = "com.apple.product-type.application";
		};
/* End PBXNativeTarget section */

/* Begin PBXProject section */
		417C38C11DDA43FD00F59926 /* Project object */ = {
			isa = PBXProject;
			attributes = {
				LastSwiftUpdateCheck = 0810;
				LastUpgradeCheck = 0810;
				ORGANIZATIONNAME = "Ali Siddiqui.MatthewPaletta";
				TargetAttributes = {
					417C38C81DDA43FD00F59926 = {
						CreatedOnToolsVersion = 8.1;
						DevelopmentTeam = M88ZYQ7793;
						ProvisioningStyle = Automatic;
					};
				};
			};
			buildConfigurationList = 417C38C41DDA43FD00F59926 /* Build configuration list for PBXProject "Party" */;
			compatibilityVersion = "Xcode 3.2";
			developmentRegion = English;
			hasScannedForEncodings = 0;
			knownRegions = (
				en,
				Base,
			);
			mainGroup = 417C38C01DDA43FD00F59926;
			productRefGroup = 417C38CA1DDA43FD00F59926 /* Products */;
			projectDirPath = "";
			projectRoot = "";
			targets = (
				417C38C81DDA43FD00F59926 /* Party */,
			);
		};
/* End PBXProject section */

/* Begin PBXResourcesBuildPhase section */
		417C38C71DDA43FD00F59926 /* Resources */ = {
			isa = PBXResourcesBuildPhase;
			buildActionMask = 2147483647;
			files = (
				417C38DA1DDA43FD00F59926 /* LaunchScreen.storyboard in Resources */,
				417C38D71DDA43FD00F59926 /* Assets.xcassets in Resources */,
				417C38D21DDA43FD00F59926 /* Main.storyboard in Resources */,
			);
			runOnlyForDeploymentPostprocessing = 0;
		};
/* End PBXResourcesBuildPhase section */

/* Begin PBXSourcesBuildPhase section */
		417C38C51DDA43FD00F59926 /* Sources */ = {
			isa = PBXSourcesBuildPhase;
			buildActionMask = 2147483647;
			files = (
				417C38CF1DDA43FD00F59926 /* ViewController.swift in Sources */,
				417C38D51DDA43FD00F59926 /* Party.xcdatamodeld in Sources */,
				417C38CD1DDA43FD00F59926 /* AppDelegate.swift in Sources */,
			);
			runOnlyForDeploymentPostprocessing = 0;
		};
/* End PBXSourcesBuildPhase section */

/* Begin PBXVariantGroup section */
		417C38D01DDA43FD00F59926 /* Main.storyboard */ = {
			isa = PBXVariantGroup;
			children = (
				417C38D11DDA43FD00F59926 /* Base */,
			);
			name = Main.storyboard;
			sourceTree = "<group>";
		};
		417C38D81DDA43FD00F59926 /* LaunchScreen.storyboard */ = {
			isa = PBXVariantGroup;
			children = (
				417C38D91DDA43FD00F59926 /* Base */,
			);
			name = LaunchScreen.storyboard;
			sourceTree = "<group>";
		};
/* End PBXVariantGroup section */

/* Begin XCBuildConfiguration section */
		417C38DC1DDA43FD00F59926 /* Debug */ = {
			isa = XCBuildConfiguration;
			buildSettings = {
				ALWAYS_SEARCH_USER_PATHS = NO;
				CLANG_ANALYZER_NONNULL = YES;
				CLANG_CXX_LANGUAGE_STANDARD = "gnu++0x";
				CLANG_CXX_LIBRARY = "libc++";
				CLANG_ENABLE_MODULES = YES;
				CLANG_ENABLE_OBJC_ARC = YES;
				CLANG_WARN_BOOL_CONVERSION = YES;
				CLANG_WARN_CONSTANT_CONVERSION = YES;
				CLANG_WARN_DIRECT_OBJC_ISA_USAGE = YES_ERROR;
				CLANG_WARN_DOCUMENTATION_COMMENTS = YES;
				CLANG_WARN_EMPTY_BODY = YES;
				CLANG_WARN_ENUM_CONVERSION = YES;
				CLANG_WARN_INFINITE_RECURSION = YES;
				CLANG_WARN_INT_CONVERSION = YES;
				CLANG_WARN_OBJC_ROOT_CLASS = YES_ERROR;
				CLANG_WARN_SUSPICIOUS_MOVES = YES;
				CLANG_WARN_UNREACHABLE_CODE = YES;
				CLANG_WARN__DUPLICATE_METHOD_MATCH = YES;
				"CODE_SIGN_IDENTITY[sdk=iphoneos*]" = "iPhone Developer";
				COPY_PHASE_STRIP = NO;
				DEBUG_INFORMATION_FORMAT = dwarf;
				ENABLE_STRICT_OBJC_MSGSEND = YES;
				ENABLE_TESTABILITY = YES;
				GCC_C_LANGUAGE_STANDARD = gnu99;
				GCC_DYNAMIC_NO_PIC = NO;
				GCC_NO_COMMON_BLOCKS = YES;
				GCC_OPTIMIZATION_LEVEL = 0;
				GCC_PREPROCESSOR_DEFINITIONS = (
					"DEBUG=1",
					"$(inherited)",
				);
				GCC_WARN_64_TO_32_BIT_CONVERSION = YES;
				GCC_WARN_ABOUT_RETURN_TYPE = YES_ERROR;
				GCC_WARN_UNDECLARED_SELECTOR = YES;
				GCC_WARN_UNINITIALIZED_AUTOS = YES_AGGRESSIVE;
				GCC_WARN_UNUSED_FUNCTION = YES;
				GCC_WARN_UNUSED_VARIABLE = YES;
				IPHONEOS_DEPLOYMENT_TARGET = 10.1;
				MTL_ENABLE_DEBUG_INFO = YES;
				ONLY_ACTIVE_ARCH = YES;
				SDKROOT = iphoneos;
				SWIFT_ACTIVE_COMPILATION_CONDITIONS = DEBUG;
				SWIFT_OPTIMIZATION_LEVEL = "-Onone";
			};
			name = Debug;
		};
		417C38DD1DDA43FD00F59926 /* Release */ = {
			isa = XCBuildConfiguration;
			buildSettings = {
				ALWAYS_SEARCH_USER_PATHS = NO;
				CLANG_ANALYZER_NONNULL = YES;
				CLANG_CXX_LANGUAGE_STANDARD = "gnu++0x";
				CLANG_CXX_LIBRARY = "libc++";
				CLANG_ENABLE_MODULES = YES;
				CLANG_ENABLE_OBJC_ARC = YES;
				CLANG_WARN_BOOL_CONVERSION = YES;
				CLANG_WARN_CONSTANT_CONVERSION = YES;
				CLANG_WARN_DIRECT_OBJC_ISA_USAGE = YES_ERROR;
				CLANG_WARN_DOCUMENTATION_COMMENTS = YES;
				CLANG_WARN_EMPTY_BODY = YES;
				CLANG_WARN_ENUM_CONVERSION = YES;
				CLANG_WARN_INFINITE_RECURSION = YES;
				CLANG_WARN_INT_CONVERSION = YES;
				CLANG_WARN_OBJC_ROOT_CLASS = YES_ERROR;
				CLANG_WARN_SUSPICIOUS_MOVES = YES;
				CLANG_WARN_UNREACHABLE_CODE = YES;
				CLANG_WARN__DUPLICATE_METHOD_MATCH = YES;
				"CODE_SIGN_IDENTITY[sdk=iphoneos*]" = "iPhone Developer";
				COPY_PHASE_STRIP = NO;
				DEBUG_INFORMATION_FORMAT = "dwarf-with-dsym";
				ENABLE_NS_ASSERTIONS = NO;
				ENABLE_STRICT_OBJC_MSGSEND = YES;
				GCC_C_LANGUAGE_STANDARD = gnu99;
				GCC_NO_COMMON_BLOCKS = YES;
				GCC_WARN_64_TO_32_BIT_CONVERSION = YES;
				GCC_WARN_ABOUT_RETURN_TYPE = YES_ERROR;
				GCC_WARN_UNDECLARED_SELECTOR = YES;
				GCC_WARN_UNINITIALIZED_AUTOS = YES_AGGRESSIVE;
				GCC_WARN_UNUSED_FUNCTION = YES;
				GCC_WARN_UNUSED_VARIABLE = YES;
				IPHONEOS_DEPLOYMENT_TARGET = 10.1;
				MTL_ENABLE_DEBUG_INFO = NO;
				SDKROOT = iphoneos;
				SWIFT_OPTIMIZATION_LEVEL = "-Owholemodule";
				VALIDATE_PRODUCT = YES;
			};
			name = Release;
		};
		417C38DF1DDA43FD00F59926 /* Debug */ = {
			isa = XCBuildConfiguration;
			buildSettings = {
				ASSETCATALOG_COMPILER_APPICON_NAME = AppIcon;
				DEVELOPMENT_TEAM = M88ZYQ7793;
				INFOPLIST_FILE = Party/Info.plist;
				LD_RUNPATH_SEARCH_PATHS = "$(inherited) @executable_path/Frameworks";
				PRODUCT_BUNDLE_IDENTIFIER = com.example.AliSiddiqui.MatthewPaletta.Party;
				PRODUCT_NAME = "$(TARGET_NAME)";
				SWIFT_VERSION = 3.0;
			};
			name = Debug;
		};
		417C38E01DDA43FD00F59926 /* Release */ = {
			isa = XCBuildConfiguration;
			buildSettings = {
				ASSETCATALOG_COMPILER_APPICON_NAME = AppIcon;
				DEVELOPMENT_TEAM = M88ZYQ7793;
				INFOPLIST_FILE = Party/Info.plist;
				LD_RUNPATH_SEARCH_PATHS = "$(inherited) @executable_path/Frameworks";
				PRODUCT_BUNDLE_IDENTIFIER = com.example.AliSiddiqui.MatthewPaletta.Party;
				PRODUCT_NAME = "$(TARGET_NAME)";
				SWIFT_VERSION = 3.0;
			};
			name = Release;
		};
/* End XCBuildConfiguration section */

/* Begin XCConfigurationList section */
		417C38C41DDA43FD00F59926 /* Build configuration list for PBXProject "Party" */ = {
			isa = XCConfigurationList;
			buildConfigurations = (
				417C38DC1DDA43FD00F59926 /* Debug */,
				417C38DD1DDA43FD00F59926 /* Release */,
			);
			defaultConfigurationIsVisible = 0;
			defaultConfigurationName = Release;
		};
		417C38DE1DDA43FD00F59926 /* Build configuration list for PBXNativeTarget "Party" */ = {
			isa = XCConfigurationList;
			buildConfigurations = (
				417C38DF1DDA43FD00F59926 /* Debug */,
				417C38E01DDA43FD00F59926 /* Release */,
			);
			defaultConfigurationIsVisible = 0;
		};
/* End XCConfigurationList section */

/* Begin XCVersionGroup section */
		417C38D31DDA43FD00F59926 /* Party.xcdatamodeld */ = {
			isa = XCVersionGroup;
			children = (
				417C38D41DDA43FD00F59926 /* Party.xcdatamodel */,
			);
			currentVersion = 417C38D41DDA43FD00F59926 /* Party.xcdatamodel */;
			path = Party.xcdatamodeld;
			sourceTree = "<group>";
			versionGroupType = wrapper.xcdatamodel;
		};
/* End XCVersionGroup section */
	};
	rootObject = 417C38C11DDA43FD00F59926 /* Project object */;
}
