// !$*UTF8*$!
{
	archiveVersion = 1;
	classes = {
	};
	objectVersion = 46;
	objects = {

/* Begin PBXBuildFile section */
		2AA82ED84F98BC48894C00E1 /* Pods_Party.framework in Frameworks */ = {isa = PBXBuildFile; fileRef = 66422AE3EA2F04836109AFE5 /* Pods_Party.framework */; };
		3472FB121DDAC68900A35FCB /* PartyJoinedViewController.swift in Sources */ = {isa = PBXBuildFile; fileRef = 3472FB111DDAC68900A35FCB /* PartyJoinedViewController.swift */; };
		3472FB141DDAC6FC00A35FCB /* PartyListCell.swift in Sources */ = {isa = PBXBuildFile; fileRef = 3472FB131DDAC6FC00A35FCB /* PartyListCell.swift */; };
		3472FB161DDAC81E00A35FCB /* Party.swift in Sources */ = {isa = PBXBuildFile; fileRef = 3472FB151DDAC81E00A35FCB /* Party.swift */; };
		34D750E01E32E9C5009AFD63 /* NetworkServiceManager.swift in Sources */ = {isa = PBXBuildFile; fileRef = 34D750DF1E32E9C5009AFD63 /* NetworkServiceManager.swift */; };
		41045F2C1E39ACBE00A29830 /* SpotifyAudioPlayback.framework in Frameworks */ = {isa = PBXBuildFile; fileRef = 41045F2A1E39ACBE00A29830 /* SpotifyAudioPlayback.framework */; };
		41045F2D1E39ACBE00A29830 /* SpotifyAuthentication.framework in Frameworks */ = {isa = PBXBuildFile; fileRef = 41045F2B1E39ACBE00A29830 /* SpotifyAuthentication.framework */; };
		41045F2F1E39AD6D00A29830 /* AVFoundation.framework in Frameworks */ = {isa = PBXBuildFile; fileRef = 41045F2E1E39AD6D00A29830 /* AVFoundation.framework */; };
		41045F311E39AD7E00A29830 /* SystemConfiguration.framework in Frameworks */ = {isa = PBXBuildFile; fileRef = 41045F301E39AD7E00A29830 /* SystemConfiguration.framework */; };
		411EEF401E346E2200216016 /* Main.storyboard in Resources */ = {isa = PBXBuildFile; fileRef = 411EEF3F1E346E2200216016 /* Main.storyboard */; };
		412FBECD1E32A506007FFB6A /* TrackInQueueTableViewCell.swift in Sources */ = {isa = PBXBuildFile; fileRef = 412FBECC1E32A506007FFB6A /* TrackInQueueTableViewCell.swift */; };
		412FBECF1E32CA0E007FFB6A /* CurrentlyPlayingTrackTableViewCell.swift in Sources */ = {isa = PBXBuildFile; fileRef = 412FBECE1E32CA0E007FFB6A /* CurrentlyPlayingTrackTableViewCell.swift */; };
		412FBED11E32CFA7007FFB6A /* MusicPlayer.swift in Sources */ = {isa = PBXBuildFile; fileRef = 412FBED01E32CFA7007FFB6A /* MusicPlayer.swift */; };
		4134216B1E3D775400888403 /* newParty.swift in Sources */ = {isa = PBXBuildFile; fileRef = 4134216A1E3D775400888403 /* newParty.swift */; };
		4160D4011E42EB0A00AF2ED6 /* Assets.xcassets in Resources */ = {isa = PBXBuildFile; fileRef = 4160D4001E42EB0A00AF2ED6 /* Assets.xcassets */; };
		417B9D4B1E317C3C0021F36E /* PartyViewController.swift in Sources */ = {isa = PBXBuildFile; fileRef = 417B9D4A1E317C3C0021F36E /* PartyViewController.swift */; };
		417B9D4D1E3187570021F36E /* addButton.swift in Sources */ = {isa = PBXBuildFile; fileRef = 417B9D4C1E3187570021F36E /* addButton.swift */; };
		417B9D4F1E318D0D0021F36E /* AddSongViewController.swift in Sources */ = {isa = PBXBuildFile; fileRef = 417B9D4E1E318D0D0021F36E /* AddSongViewController.swift */; };
		417B9D531E31B3CE0021F36E /* Track.swift in Sources */ = {isa = PBXBuildFile; fileRef = 417B9D521E31B3CE0021F36E /* Track.swift */; };
		417B9D551E31BC120021F36E /* RestApiManager.swift in Sources */ = {isa = PBXBuildFile; fileRef = 417B9D541E31BC120021F36E /* RestApiManager.swift */; };
		417B9D571E31CD8D0021F36E /* TrackTableViewCell.swift in Sources */ = {isa = PBXBuildFile; fileRef = 417B9D561E31CD8D0021F36E /* TrackTableViewCell.swift */; };
		417C38DA1DDA43FD00F59926 /* LaunchScreen.storyboard in Resources */ = {isa = PBXBuildFile; fileRef = 417C38D81DDA43FD00F59926 /* LaunchScreen.storyboard */; };
		417C38EA1DDA91A100F59926 /* PartyCreationViewController.swift in Sources */ = {isa = PBXBuildFile; fileRef = 417C38E21DDA447600F59926 /* PartyCreationViewController.swift */; };
		417C38EC1DDA91A800F59926 /* InitialSetupViewController.swift in Sources */ = {isa = PBXBuildFile; fileRef = 417C38E11DDA447600F59926 /* InitialSetupViewController.swift */; };
		417C38EE1DDA91B100F59926 /* AppDelegate.swift in Sources */ = {isa = PBXBuildFile; fileRef = 417C38CC1DDA43FD00F59926 /* AppDelegate.swift */; };
		417C38EF1DDA91B500F59926 /* Party.xcdatamodeld in Sources */ = {isa = PBXBuildFile; fileRef = 417C38D31DDA43FD00F59926 /* Party.xcdatamodeld */; };
		418503F71E307BE900472006 /* setupButton.swift in Sources */ = {isa = PBXBuildFile; fileRef = 418503F61E307BE900472006 /* setupButton.swift */; };
		41EB1B051E3FE1BE00FC326F /* Trajan Pro.ttf in Resources */ = {isa = PBXBuildFile; fileRef = 41EB1B041E3FE1BD00FC326F /* Trajan Pro.ttf */; };
/* End PBXBuildFile section */

/* Begin PBXFileReference section */
		3472FB111DDAC68900A35FCB /* PartyJoinedViewController.swift */ = {isa = PBXFileReference; fileEncoding = 4; lastKnownFileType = sourcecode.swift; path = PartyJoinedViewController.swift; sourceTree = "<group>"; };
		3472FB131DDAC6FC00A35FCB /* PartyListCell.swift */ = {isa = PBXFileReference; fileEncoding = 4; lastKnownFileType = sourcecode.swift; path = PartyListCell.swift; sourceTree = "<group>"; };
		3472FB151DDAC81E00A35FCB /* Party.swift */ = {isa = PBXFileReference; fileEncoding = 4; lastKnownFileType = sourcecode.swift; path = Party.swift; sourceTree = "<group>"; };
		34D750DF1E32E9C5009AFD63 /* NetworkServiceManager.swift */ = {isa = PBXFileReference; fileEncoding = 4; lastKnownFileType = sourcecode.swift; path = NetworkServiceManager.swift; sourceTree = "<group>"; };
		41045F2A1E39ACBE00A29830 /* SpotifyAudioPlayback.framework */ = {isa = PBXFileReference; lastKnownFileType = wrapper.framework; path = SpotifyAudioPlayback.framework; sourceTree = "<group>"; };
		41045F2B1E39ACBE00A29830 /* SpotifyAuthentication.framework */ = {isa = PBXFileReference; lastKnownFileType = wrapper.framework; path = SpotifyAuthentication.framework; sourceTree = "<group>"; };
		41045F2E1E39AD6D00A29830 /* AVFoundation.framework */ = {isa = PBXFileReference; lastKnownFileType = wrapper.framework; name = AVFoundation.framework; path = System/Library/Frameworks/AVFoundation.framework; sourceTree = SDKROOT; };
		41045F301E39AD7E00A29830 /* SystemConfiguration.framework */ = {isa = PBXFileReference; lastKnownFileType = wrapper.framework; name = SystemConfiguration.framework; path = System/Library/Frameworks/SystemConfiguration.framework; sourceTree = SDKROOT; };
		41045F321E39B80300A29830 /* Party-Bridging-Header.h */ = {isa = PBXFileReference; lastKnownFileType = sourcecode.c.h; path = "Party-Bridging-Header.h"; sourceTree = SOURCE_ROOT; };
		411EEF3F1E346E2200216016 /* Main.storyboard */ = {isa = PBXFileReference; fileEncoding = 4; lastKnownFileType = file.storyboard; path = Main.storyboard; sourceTree = "<group>"; };
		412FBECC1E32A506007FFB6A /* TrackInQueueTableViewCell.swift */ = {isa = PBXFileReference; fileEncoding = 4; lastKnownFileType = sourcecode.swift; path = TrackInQueueTableViewCell.swift; sourceTree = "<group>"; };
		412FBECE1E32CA0E007FFB6A /* CurrentlyPlayingTrackTableViewCell.swift */ = {isa = PBXFileReference; fileEncoding = 4; lastKnownFileType = sourcecode.swift; path = CurrentlyPlayingTrackTableViewCell.swift; sourceTree = "<group>"; };
		412FBED01E32CFA7007FFB6A /* MusicPlayer.swift */ = {isa = PBXFileReference; fileEncoding = 4; lastKnownFileType = sourcecode.swift; path = MusicPlayer.swift; sourceTree = "<group>"; };
		4134216A1E3D775400888403 /* newParty.swift */ = {isa = PBXFileReference; fileEncoding = 4; lastKnownFileType = sourcecode.swift; path = newParty.swift; sourceTree = "<group>"; };
		4160D4001E42EB0A00AF2ED6 /* Assets.xcassets */ = {isa = PBXFileReference; lastKnownFileType = folder.assetcatalog; path = Assets.xcassets; sourceTree = "<group>"; };
		417B9D4A1E317C3C0021F36E /* PartyViewController.swift */ = {isa = PBXFileReference; fileEncoding = 4; lastKnownFileType = sourcecode.swift; path = PartyViewController.swift; sourceTree = "<group>"; };
		417B9D4C1E3187570021F36E /* addButton.swift */ = {isa = PBXFileReference; fileEncoding = 4; lastKnownFileType = sourcecode.swift; path = addButton.swift; sourceTree = "<group>"; };
		417B9D4E1E318D0D0021F36E /* AddSongViewController.swift */ = {isa = PBXFileReference; fileEncoding = 4; lastKnownFileType = sourcecode.swift; path = AddSongViewController.swift; sourceTree = "<group>"; };
		417B9D521E31B3CE0021F36E /* Track.swift */ = {isa = PBXFileReference; fileEncoding = 4; lastKnownFileType = sourcecode.swift; path = Track.swift; sourceTree = "<group>"; };
		417B9D541E31BC120021F36E /* RestApiManager.swift */ = {isa = PBXFileReference; fileEncoding = 4; lastKnownFileType = sourcecode.swift; path = RestApiManager.swift; sourceTree = "<group>"; };
		417B9D561E31CD8D0021F36E /* TrackTableViewCell.swift */ = {isa = PBXFileReference; fileEncoding = 4; lastKnownFileType = sourcecode.swift; path = TrackTableViewCell.swift; sourceTree = "<group>"; };
		417C38C91DDA43FD00F59926 /* Party.app */ = {isa = PBXFileReference; explicitFileType = wrapper.application; includeInIndex = 0; path = Party.app; sourceTree = BUILT_PRODUCTS_DIR; };
		417C38CC1DDA43FD00F59926 /* AppDelegate.swift */ = {isa = PBXFileReference; lastKnownFileType = sourcecode.swift; path = AppDelegate.swift; sourceTree = "<group>"; };
		417C38D41DDA43FD00F59926 /* Party.xcdatamodel */ = {isa = PBXFileReference; lastKnownFileType = wrapper.xcdatamodel; path = Party.xcdatamodel; sourceTree = "<group>"; };
		417C38D91DDA43FD00F59926 /* Base */ = {isa = PBXFileReference; lastKnownFileType = file.storyboard; name = Base; path = Base.lproj/LaunchScreen.storyboard; sourceTree = "<group>"; };
		417C38DB1DDA43FD00F59926 /* Info.plist */ = {isa = PBXFileReference; lastKnownFileType = text.plist.xml; path = Info.plist; sourceTree = "<group>"; };
		417C38E11DDA447600F59926 /* InitialSetupViewController.swift */ = {isa = PBXFileReference; fileEncoding = 4; lastKnownFileType = sourcecode.swift; path = InitialSetupViewController.swift; sourceTree = "<group>"; };
		417C38E21DDA447600F59926 /* PartyCreationViewController.swift */ = {isa = PBXFileReference; fileEncoding = 4; lastKnownFileType = sourcecode.swift; path = PartyCreationViewController.swift; sourceTree = "<group>"; };
		418503F61E307BE900472006 /* setupButton.swift */ = {isa = PBXFileReference; fileEncoding = 4; lastKnownFileType = sourcecode.swift; path = setupButton.swift; sourceTree = "<group>"; };
		41EB1B041E3FE1BD00FC326F /* Trajan Pro.ttf */ = {isa = PBXFileReference; lastKnownFileType = file; path = "Trajan Pro.ttf"; sourceTree = "<group>"; };
		66422AE3EA2F04836109AFE5 /* Pods_Party.framework */ = {isa = PBXFileReference; explicitFileType = wrapper.framework; includeInIndex = 0; path = Pods_Party.framework; sourceTree = BUILT_PRODUCTS_DIR; };
		6A26B4AEA07B3D4EA48B5C48 /* Pods-Party.release.xcconfig */ = {isa = PBXFileReference; includeInIndex = 1; lastKnownFileType = text.xcconfig; name = "Pods-Party.release.xcconfig"; path = "Pods/Target Support Files/Pods-Party/Pods-Party.release.xcconfig"; sourceTree = "<group>"; };
		BC65DBE49C35011FA75364E2 /* Pods-Party.debug.xcconfig */ = {isa = PBXFileReference; includeInIndex = 1; lastKnownFileType = text.xcconfig; name = "Pods-Party.debug.xcconfig"; path = "Pods/Target Support Files/Pods-Party/Pods-Party.debug.xcconfig"; sourceTree = "<group>"; };
/* End PBXFileReference section */

/* Begin PBXFrameworksBuildPhase section */
		417C38C61DDA43FD00F59926 /* Frameworks */ = {
			isa = PBXFrameworksBuildPhase;
			buildActionMask = 2147483647;
			files = (
				2AA82ED84F98BC48894C00E1 /* Pods_Party.framework in Frameworks */,
				41045F2D1E39ACBE00A29830 /* SpotifyAuthentication.framework in Frameworks */,
				41045F2C1E39ACBE00A29830 /* SpotifyAudioPlayback.framework in Frameworks */,
				41045F2F1E39AD6D00A29830 /* AVFoundation.framework in Frameworks */,
				41045F311E39AD7E00A29830 /* SystemConfiguration.framework in Frameworks */,
			);
			runOnlyForDeploymentPostprocessing = 0;
		};
/* End PBXFrameworksBuildPhase section */

/* Begin PBXGroup section */
		0EC59A47A2A686C3B2C8F22B /* Pods */ = {
			isa = PBXGroup;
			children = (
				BC65DBE49C35011FA75364E2 /* Pods-Party.debug.xcconfig */,
				6A26B4AEA07B3D4EA48B5C48 /* Pods-Party.release.xcconfig */,
			);
			name = Pods;
			sourceTree = "<group>";
		};
		413421631E3D579600888403 /* Buttons */ = {
			isa = PBXGroup;
			children = (
				418503F61E307BE900472006 /* setupButton.swift */,
				417B9D4C1E3187570021F36E /* addButton.swift */,
			);
			name = Buttons;
			sourceTree = "<group>";
		};
		413421641E3D57A300888403 /* Custom Objects */ = {
			isa = PBXGroup;
			children = (
				3472FB151DDAC81E00A35FCB /* Party.swift */,
				417B9D521E31B3CE0021F36E /* Track.swift */,
			);
			name = "Custom Objects";
			sourceTree = "<group>";
		};
		413421651E3D57B100888403 /* Connection Managers */ = {
			isa = PBXGroup;
			children = (
				417B9D541E31BC120021F36E /* RestApiManager.swift */,
				34D750DF1E32E9C5009AFD63 /* NetworkServiceManager.swift */,
			);
			name = "Connection Managers";
			sourceTree = "<group>";
		};
		413421661E3D57BE00888403 /* Add Tracks */ = {
			isa = PBXGroup;
			children = (
				417B9D4E1E318D0D0021F36E /* AddSongViewController.swift */,
				417B9D561E31CD8D0021F36E /* TrackTableViewCell.swift */,
			);
			name = "Add Tracks";
			sourceTree = "<group>";
		};
		413421671E3D57D100888403 /* Play Tracks */ = {
			isa = PBXGroup;
			children = (
				417B9D4A1E317C3C0021F36E /* PartyViewController.swift */,
				4134216A1E3D775400888403 /* newParty.swift */,
				412FBED01E32CFA7007FFB6A /* MusicPlayer.swift */,
				412FBECE1E32CA0E007FFB6A /* CurrentlyPlayingTrackTableViewCell.swift */,
				412FBECC1E32A506007FFB6A /* TrackInQueueTableViewCell.swift */,
			);
			name = "Play Tracks";
			sourceTree = "<group>";
		};
		413421681E3D57E400888403 /* Create Party */ = {
			isa = PBXGroup;
			children = (
				417C38E21DDA447600F59926 /* PartyCreationViewController.swift */,
			);
			name = "Create Party";
			sourceTree = "<group>";
		};
		413421691E3D57EB00888403 /* Join Party */ = {
			isa = PBXGroup;
			children = (
				3472FB111DDAC68900A35FCB /* PartyJoinedViewController.swift */,
				3472FB131DDAC6FC00A35FCB /* PartyListCell.swift */,
			);
			name = "Join Party";
			sourceTree = "<group>";
		};
		417C38C01DDA43FD00F59926 = {
			isa = PBXGroup;
			children = (
				417C38CB1DDA43FD00F59926 /* Party */,
				417C38CA1DDA43FD00F59926 /* Products */,
				0EC59A47A2A686C3B2C8F22B /* Pods */,
				B2F645F37144B3727E5025EE /* Frameworks */,
			);
			sourceTree = "<group>";
		};
		417C38CA1DDA43FD00F59926 /* Products */ = {
			isa = PBXGroup;
			children = (
				417C38C91DDA43FD00F59926 /* Party.app */,
			);
			name = Products;
			sourceTree = "<group>";
		};
		417C38CB1DDA43FD00F59926 /* Party */ = {
			isa = PBXGroup;
			children = (
				411EEF3F1E346E2200216016 /* Main.storyboard */,
				417C38CC1DDA43FD00F59926 /* AppDelegate.swift */,
				417C38E11DDA447600F59926 /* InitialSetupViewController.swift */,
				413421681E3D57E400888403 /* Create Party */,
				413421691E3D57EB00888403 /* Join Party */,
				413421671E3D57D100888403 /* Play Tracks */,
				413421661E3D57BE00888403 /* Add Tracks */,
				413421651E3D57B100888403 /* Connection Managers */,
				413421641E3D57A300888403 /* Custom Objects */,
				413421631E3D579600888403 /* Buttons */,
				417C38D81DDA43FD00F59926 /* LaunchScreen.storyboard */,
				417C38DB1DDA43FD00F59926 /* Info.plist */,
				417C38D31DDA43FD00F59926 /* Party.xcdatamodeld */,
				41045F321E39B80300A29830 /* Party-Bridging-Header.h */,
				419448001E3FFFDD00B9370C /* Resources */,
			);
			path = Party;
			sourceTree = "<group>";
		};
		419448001E3FFFDD00B9370C /* Resources */ = {
			isa = PBXGroup;
			children = (
				4160D4001E42EB0A00AF2ED6 /* Assets.xcassets */,
				41EB1B041E3FE1BD00FC326F /* Trajan Pro.ttf */,
			);
			name = Resources;
			sourceTree = "<group>";
		};
		B2F645F37144B3727E5025EE /* Frameworks */ = {
			isa = PBXGroup;
			children = (
				41045F301E39AD7E00A29830 /* SystemConfiguration.framework */,
				41045F2E1E39AD6D00A29830 /* AVFoundation.framework */,
				41045F2A1E39ACBE00A29830 /* SpotifyAudioPlayback.framework */,
				41045F2B1E39ACBE00A29830 /* SpotifyAuthentication.framework */,
				66422AE3EA2F04836109AFE5 /* Pods_Party.framework */,
			);
			name = Frameworks;
			sourceTree = "<group>";
		};
/* End PBXGroup section */

/* Begin PBXNativeTarget section */
		417C38C81DDA43FD00F59926 /* Party */ = {
			isa = PBXNativeTarget;
			buildConfigurationList = 417C38DE1DDA43FD00F59926 /* Build configuration list for PBXNativeTarget "Party" */;
			buildPhases = (
				12CAB152D2D629BAE5F90047 /* [CP] Check Pods Manifest.lock */,
				417C38C51DDA43FD00F59926 /* Sources */,
				417C38C61DDA43FD00F59926 /* Frameworks */,
				417C38C71DDA43FD00F59926 /* Resources */,
				D1DBB02DE533B6567D4964A5 /* [CP] Embed Pods Frameworks */,
				9B811AFA3BCCAFF7F9ABDC42 /* [CP] Copy Pods Resources */,
			);
			buildRules = (
			);
			dependencies = (
			);
			name = Party;
			productName = Party;
			productReference = 417C38C91DDA43FD00F59926 /* Party.app */;
			productType = "com.apple.product-type.application";
		};
/* End PBXNativeTarget section */

/* Begin PBXProject section */
		417C38C11DDA43FD00F59926 /* Project object */ = {
			isa = PBXProject;
			attributes = {
				LastSwiftUpdateCheck = 0810;
				LastUpgradeCheck = 0820;
				ORGANIZATIONNAME = "Ali Siddiqui.MatthewPaletta";
				TargetAttributes = {
					417C38C81DDA43FD00F59926 = {
						CreatedOnToolsVersion = 8.1;
						DevelopmentTeam = M88ZYQ7793;
						LastSwiftMigration = 0810;
						ProvisioningStyle = Automatic;
						SystemCapabilities = {
							com.apple.BackgroundModes = {
								enabled = 1;
							};
						};
					};
				};
			};
			buildConfigurationList = 417C38C41DDA43FD00F59926 /* Build configuration list for PBXProject "Party" */;
			compatibilityVersion = "Xcode 3.2";
			developmentRegion = English;
			hasScannedForEncodings = 0;
			knownRegions = (
				en,
				Base,
			);
			mainGroup = 417C38C01DDA43FD00F59926;
			productRefGroup = 417C38CA1DDA43FD00F59926 /* Products */;
			projectDirPath = "";
			projectRoot = "";
			targets = (
				417C38C81DDA43FD00F59926 /* Party */,
			);
		};
/* End PBXProject section */

/* Begin PBXResourcesBuildPhase section */
		417C38C71DDA43FD00F59926 /* Resources */ = {
			isa = PBXResourcesBuildPhase;
			buildActionMask = 2147483647;
			files = (
				417C38DA1DDA43FD00F59926 /* LaunchScreen.storyboard in Resources */,
				411EEF401E346E2200216016 /* Main.storyboard in Resources */,
				4160D4011E42EB0A00AF2ED6 /* Assets.xcassets in Resources */,
				41EB1B051E3FE1BE00FC326F /* Trajan Pro.ttf in Resources */,
			);
			runOnlyForDeploymentPostprocessing = 0;
		};
/* End PBXResourcesBuildPhase section */

/* Begin PBXShellScriptBuildPhase section */
		12CAB152D2D629BAE5F90047 /* [CP] Check Pods Manifest.lock */ = {
			isa = PBXShellScriptBuildPhase;
			buildActionMask = 2147483647;
			files = (
			);
			inputPaths = (
			);
			name = "[CP] Check Pods Manifest.lock";
			outputPaths = (
			);
			runOnlyForDeploymentPostprocessing = 0;
			shellPath = /bin/sh;
			shellScript = "diff \"${PODS_ROOT}/../Podfile.lock\" \"${PODS_ROOT}/Manifest.lock\" > /dev/null\nif [ $? != 0 ] ; then\n    # print error to STDERR\n    echo \"error: The sandbox is not in sync with the Podfile.lock. Run 'pod install' or update your CocoaPods installation.\" >&2\n    exit 1\nfi\n";
			showEnvVarsInLog = 0;
		};
		9B811AFA3BCCAFF7F9ABDC42 /* [CP] Copy Pods Resources */ = {
			isa = PBXShellScriptBuildPhase;
			buildActionMask = 2147483647;
			files = (
			);
			inputPaths = (
			);
			name = "[CP] Copy Pods Resources";
			outputPaths = (
			);
			runOnlyForDeploymentPostprocessing = 0;
			shellPath = /bin/sh;
			shellScript = "\"${SRCROOT}/Pods/Target Support Files/Pods-Party/Pods-Party-resources.sh\"\n";
			showEnvVarsInLog = 0;
		};
		D1DBB02DE533B6567D4964A5 /* [CP] Embed Pods Frameworks */ = {
			isa = PBXShellScriptBuildPhase;
			buildActionMask = 2147483647;
			files = (
			);
			inputPaths = (
			);
			name = "[CP] Embed Pods Frameworks";
			outputPaths = (
			);
			runOnlyForDeploymentPostprocessing = 0;
			shellPath = /bin/sh;
			shellScript = "\"${SRCROOT}/Pods/Target Support Files/Pods-Party/Pods-Party-frameworks.sh\"\n";
			showEnvVarsInLog = 0;
		};
/* End PBXShellScriptBuildPhase section */

/* Begin PBXSourcesBuildPhase section */
		417C38C51DDA43FD00F59926 /* Sources */ = {
			isa = PBXSourcesBuildPhase;
			buildActionMask = 2147483647;
			files = (
				3472FB121DDAC68900A35FCB /* PartyJoinedViewController.swift in Sources */,
				412FBECF1E32CA0E007FFB6A /* CurrentlyPlayingTrackTableViewCell.swift in Sources */,
				4134216B1E3D775400888403 /* newParty.swift in Sources */,
				412FBED11E32CFA7007FFB6A /* MusicPlayer.swift in Sources */,
				417B9D4F1E318D0D0021F36E /* AddSongViewController.swift in Sources */,
				418503F71E307BE900472006 /* setupButton.swift in Sources */,
				3472FB141DDAC6FC00A35FCB /* PartyListCell.swift in Sources */,
				417C38EF1DDA91B500F59926 /* Party.xcdatamodeld in Sources */,
				417C38EE1DDA91B100F59926 /* AppDelegate.swift in Sources */,
				417C38EC1DDA91A800F59926 /* InitialSetupViewController.swift in Sources */,
				3472FB161DDAC81E00A35FCB /* Party.swift in Sources */,
				417C38EA1DDA91A100F59926 /* PartyCreationViewController.swift in Sources */,
				34D750E01E32E9C5009AFD63 /* NetworkServiceManager.swift in Sources */,
				417B9D571E31CD8D0021F36E /* TrackTableViewCell.swift in Sources */,
				417B9D4D1E3187570021F36E /* addButton.swift in Sources */,
				417B9D531E31B3CE0021F36E /* Track.swift in Sources */,
				417B9D551E31BC120021F36E /* RestApiManager.swift in Sources */,
				412FBECD1E32A506007FFB6A /* TrackInQueueTableViewCell.swift in Sources */,
				417B9D4B1E317C3C0021F36E /* PartyViewController.swift in Sources */,
			);
			runOnlyForDeploymentPostprocessing = 0;
		};
/* End PBXSourcesBuildPhase section */

/* Begin PBXVariantGroup section */
		417C38D81DDA43FD00F59926 /* LaunchScreen.storyboard */ = {
			isa = PBXVariantGroup;
			children = (
				417C38D91DDA43FD00F59926 /* Base */,
			);
			name = LaunchScreen.storyboard;
			sourceTree = "<group>";
		};
/* End PBXVariantGroup section */

/* Begin XCBuildConfiguration section */
		417C38DC1DDA43FD00F59926 /* Debug */ = {
			isa = XCBuildConfiguration;
			buildSettings = {
				ALWAYS_SEARCH_USER_PATHS = NO;
				CLANG_ANALYZER_NONNULL = YES;
				CLANG_CXX_LANGUAGE_STANDARD = "gnu++0x";
				CLANG_CXX_LIBRARY = "libc++";
				CLANG_ENABLE_MODULES = YES;
				CLANG_ENABLE_OBJC_ARC = YES;
				CLANG_WARN_BOOL_CONVERSION = YES;
				CLANG_WARN_CONSTANT_CONVERSION = YES;
				CLANG_WARN_DIRECT_OBJC_ISA_USAGE = YES_ERROR;
				CLANG_WARN_DOCUMENTATION_COMMENTS = YES;
				CLANG_WARN_EMPTY_BODY = YES;
				CLANG_WARN_ENUM_CONVERSION = YES;
				CLANG_WARN_INFINITE_RECURSION = YES;
				CLANG_WARN_INT_CONVERSION = YES;
				CLANG_WARN_OBJC_ROOT_CLASS = YES_ERROR;
				CLANG_WARN_SUSPICIOUS_MOVE = YES;
				CLANG_WARN_SUSPICIOUS_MOVES = YES;
				CLANG_WARN_UNREACHABLE_CODE = YES;
				CLANG_WARN__DUPLICATE_METHOD_MATCH = YES;
				"CODE_SIGN_IDENTITY[sdk=iphoneos*]" = "iPhone Developer";
				COPY_PHASE_STRIP = NO;
				DEBUG_INFORMATION_FORMAT = dwarf;
				ENABLE_STRICT_OBJC_MSGSEND = YES;
				ENABLE_TESTABILITY = YES;
				GCC_C_LANGUAGE_STANDARD = gnu99;
				GCC_DYNAMIC_NO_PIC = NO;
				GCC_NO_COMMON_BLOCKS = YES;
				GCC_OPTIMIZATION_LEVEL = 0;
				GCC_PREPROCESSOR_DEFINITIONS = (
					"DEBUG=1",
					"$(inherited)",
				);
				GCC_WARN_64_TO_32_BIT_CONVERSION = YES;
				GCC_WARN_ABOUT_RETURN_TYPE = YES_ERROR;
				GCC_WARN_UNDECLARED_SELECTOR = YES;
				GCC_WARN_UNINITIALIZED_AUTOS = YES_AGGRESSIVE;
				GCC_WARN_UNUSED_FUNCTION = YES;
				GCC_WARN_UNUSED_VARIABLE = YES;
				IPHONEOS_DEPLOYMENT_TARGET = 10.1;
				MTL_ENABLE_DEBUG_INFO = YES;
				ONLY_ACTIVE_ARCH = YES;
				SDKROOT = iphoneos;
				SWIFT_ACTIVE_COMPILATION_CONDITIONS = DEBUG;
				SWIFT_OPTIMIZATION_LEVEL = "-Onone";
			};
			name = Debug;
		};
		417C38DD1DDA43FD00F59926 /* Release */ = {
			isa = XCBuildConfiguration;
			buildSettings = {
				ALWAYS_SEARCH_USER_PATHS = NO;
				CLANG_ANALYZER_NONNULL = YES;
				CLANG_CXX_LANGUAGE_STANDARD = "gnu++0x";
				CLANG_CXX_LIBRARY = "libc++";
				CLANG_ENABLE_MODULES = YES;
				CLANG_ENABLE_OBJC_ARC = YES;
				CLANG_WARN_BOOL_CONVERSION = YES;
				CLANG_WARN_CONSTANT_CONVERSION = YES;
				CLANG_WARN_DIRECT_OBJC_ISA_USAGE = YES_ERROR;
				CLANG_WARN_DOCUMENTATION_COMMENTS = YES;
				CLANG_WARN_EMPTY_BODY = YES;
				CLANG_WARN_ENUM_CONVERSION = YES;
				CLANG_WARN_INFINITE_RECURSION = YES;
				CLANG_WARN_INT_CONVERSION = YES;
				CLANG_WARN_OBJC_ROOT_CLASS = YES_ERROR;
				CLANG_WARN_SUSPICIOUS_MOVE = YES;
				CLANG_WARN_SUSPICIOUS_MOVES = YES;
				CLANG_WARN_UNREACHABLE_CODE = YES;
				CLANG_WARN__DUPLICATE_METHOD_MATCH = YES;
				"CODE_SIGN_IDENTITY[sdk=iphoneos*]" = "iPhone Developer";
				COPY_PHASE_STRIP = NO;
				DEBUG_INFORMATION_FORMAT = "dwarf-with-dsym";
				ENABLE_NS_ASSERTIONS = NO;
				ENABLE_STRICT_OBJC_MSGSEND = YES;
				GCC_C_LANGUAGE_STANDARD = gnu99;
				GCC_NO_COMMON_BLOCKS = YES;
				GCC_WARN_64_TO_32_BIT_CONVERSION = YES;
				GCC_WARN_ABOUT_RETURN_TYPE = YES_ERROR;
				GCC_WARN_UNDECLARED_SELECTOR = YES;
				GCC_WARN_UNINITIALIZED_AUTOS = YES_AGGRESSIVE;
				GCC_WARN_UNUSED_FUNCTION = YES;
				GCC_WARN_UNUSED_VARIABLE = YES;
				IPHONEOS_DEPLOYMENT_TARGET = 10.1;
				MTL_ENABLE_DEBUG_INFO = NO;
				SDKROOT = iphoneos;
				SWIFT_OPTIMIZATION_LEVEL = "-Owholemodule";
				VALIDATE_PRODUCT = YES;
			};
			name = Release;
		};
		417C38DF1DDA43FD00F59926 /* Debug */ = {
			isa = XCBuildConfiguration;
			baseConfigurationReference = BC65DBE49C35011FA75364E2 /* Pods-Party.debug.xcconfig */;
			buildSettings = {
				ALWAYS_EMBED_SWIFT_STANDARD_LIBRARIES = YES;
				ASSETCATALOG_COMPILER_APPICON_NAME = AppIcon;
				CLANG_ENABLE_MODULES = YES;
				DEVELOPMENT_TEAM = M88ZYQ7793;
				FRAMEWORK_SEARCH_PATHS = (
					"$(inherited)",
					"$(PROJECT_DIR)",
				);
				INFOPLIST_FILE = Party/Info.plist;
				INSTALL_PATH = "@executable_path/../Frameworks";
				IPHONEOS_DEPLOYMENT_TARGET = 10.0;
				LD_RUNPATH_SEARCH_PATHS = "$(inherited) @executable_path/Frameworks @loader_path/Frameworks";
				OTHER_LDFLAGS = (
					"$(inherited)",
					"-framework",
					"\"SwiftyJSON\"",
					"-ObjC",
				);
				PRODUCT_BUNDLE_IDENTIFIER = com.example.AliSiddiqui.MatthewPaletta.Party;
				PRODUCT_NAME = "$(TARGET_NAME)";
				SWIFT_OBJC_BRIDGING_HEADER = "Party-Bridging-Header.h";
				SWIFT_OPTIMIZATION_LEVEL = "-Onone";
				SWIFT_VERSION = 3.0.1;
				SYMROOT = build/Products;
			};
			name = Debug;
		};
		417C38E01DDA43FD00F59926 /* Release */ = {
			isa = XCBuildConfiguration;
			baseConfigurationReference = 6A26B4AEA07B3D4EA48B5C48 /* Pods-Party.release.xcconfig */;
			buildSettings = {
				ALWAYS_EMBED_SWIFT_STANDARD_LIBRARIES = YES;
				ASSETCATALOG_COMPILER_APPICON_NAME = AppIcon;
				CLANG_ENABLE_MODULES = YES;
				DEVELOPMENT_TEAM = M88ZYQ7793;
				FRAMEWORK_SEARCH_PATHS = (
					"$(inherited)",
					"$(PROJECT_DIR)",
				);
				INFOPLIST_FILE = Party/Info.plist;
				INSTALL_PATH = "@executable_path/../Frameworks";
				IPHONEOS_DEPLOYMENT_TARGET = 10.0;
				LD_RUNPATH_SEARCH_PATHS = "$(inherited) @executable_path/Frameworks @loader_path/Frameworks";
				OTHER_LDFLAGS = (
					"$(inherited)",
					"-framework",
					"\"SwiftyJSON\"",
					"-ObjC",
				);
				PRODUCT_BUNDLE_IDENTIFIER = com.example.AliSiddiqui.MatthewPaletta.Party;
				PRODUCT_NAME = "$(TARGET_NAME)";
				SWIFT_OBJC_BRIDGING_HEADER = "Party-Bridging-Header.h";
				SWIFT_VERSION = 3.0.1;
				SYMROOT = build/Products;
			};
			name = Release;
		};
/* End XCBuildConfiguration section */

/* Begin XCConfigurationList section */
		417C38C41DDA43FD00F59926 /* Build configuration list for PBXProject "Party" */ = {
			isa = XCConfigurationList;
			buildConfigurations = (
				417C38DC1DDA43FD00F59926 /* Debug */,
				417C38DD1DDA43FD00F59926 /* Release */,
			);
			defaultConfigurationIsVisible = 0;
			defaultConfigurationName = Release;
		};
		417C38DE1DDA43FD00F59926 /* Build configuration list for PBXNativeTarget "Party" */ = {
			isa = XCConfigurationList;
			buildConfigurations = (
				417C38DF1DDA43FD00F59926 /* Debug */,
				417C38E01DDA43FD00F59926 /* Release */,
			);
			defaultConfigurationIsVisible = 0;
			defaultConfigurationName = Release;
		};
/* End XCConfigurationList section */

/* Begin XCVersionGroup section */
		417C38D31DDA43FD00F59926 /* Party.xcdatamodeld */ = {
			isa = XCVersionGroup;
			children = (
				417C38D41DDA43FD00F59926 /* Party.xcdatamodel */,
			);
			currentVersion = 417C38D41DDA43FD00F59926 /* Party.xcdatamodel */;
			path = Party.xcdatamodeld;
			sourceTree = "<group>";
			versionGroupType = wrapper.xcdatamodel;
		};
/* End XCVersionGroup section */
	};
	rootObject = 417C38C11DDA43FD00F59926 /* Project object */;
}
